{
  "name": "ZXTAPPS",
  "lockfileVersion": 3,
  "requires": true,
  "packages": {
    "": {
      "dependencies": {
        "url-search-params-polyfill": "^8.2.5",
        "z-utility": "^1.0.13"
      }
    },
    "node_modules/url-search-params-polyfill": {
      "version": "8.2.5",
      "resolved": "https://registry.npmjs.org/url-search-params-polyfill/-/url-search-params-polyfill-8.2.5.tgz",
      "integrity": "sha512-FOEojW4XReTmtZOB7xqSHmJZhrNTmClhBriwLTmle4iA7bwuCo6ldSfbtsFSb8bTf3E0a3XpfonAdaur9vqq8A==",
      "license": "MIT"
    },
    "node_modules/z-utility": {
      "version": "1.0.13",
      "resolved": "https://registry.npmjs.org/z-utility/-/z-utility-1.0.13.tgz",
      "integrity": "sha512-MnUXgpW1O9m/1KMTA1eOK8OLLkc4bQ8vBP4FXxxrUnhjmHlH+ay3bNNHn5B2nkkCwNCfteS2SRECp7ywFkVnaA==",
      "license": "ISC"
    }
  }
}
